
Microsoft Visual Studio Solution File, Format Version 12.00
# Visual Studio 15
VisualStudioVersion = 15.0.27130.2010
MinimumVisualStudioVersion = 10.0.40219.1
Project("{FAE04EC0-301F-11D3-BF4B-00C04F79EFBC}") = "ProfileIt", "ProfileIt\ProfileIt.csproj", "{C323E306-D11E-48A7-9620-121E4ADC4765}"
EndProject
Project("{2150E333-8FDC-42A3-9474-1A3956D46DE8}") = "Solution Items", "Solution Items", "{21064B39-8003-4C62-B68F-74B596DA7F6F}"
EndProject
Project("{FAE04EC0-301F-11D3-BF4B-00C04F79EFBC}") = "Harmony", "Harmony\Harmony.csproj", "{69AEE16A-B6E7-4642-8081-3928B32455DF}"
EndProject
Global
	GlobalSection(SolutionConfigurationPlatforms) = preSolution
		Debug|Any CPU = Debug|Any CPU
		Release|Any CPU = Release|Any CPU
	EndGlobalSection
	GlobalSection(ProjectConfigurationPlatforms) = postSolution
		{C323E306-D11E-48A7-9620-121E4ADC4765}.Debug|Any CPU.ActiveCfg = Debug|Any CPU
		{C323E306-D11E-48A7-9620-121E4ADC4765}.Debug|Any CPU.Build.0 = Debug|Any CPU
		{C323E306-D11E-48A7-9620-121E4ADC4765}.Release|Any CPU.ActiveCfg = Release|Any CPU
		{C323E306-D11E-48A7-9620-121E4ADC4765}.Release|Any CPU.Build.0 = Release|Any CPU
		{69AEE16A-B6E7-4642-8081-3928B32455DF}.Debug|Any CPU.ActiveCfg = Debug|Any CPU
		{69AEE16A-B6E7-4642-8081-3928B32455DF}.Debug|Any CPU.Build.0 = Debug|Any CPU
		{69AEE16A-B6E7-4642-8081-3928B32455DF}.Release|Any CPU.ActiveCfg = Release|Any CPU
		{69AEE16A-B6E7-4642-8081-3928B32455DF}.Release|Any CPU.Build.0 = Release|Any CPU
	EndGlobalSection
	GlobalSection(SolutionProperties) = preSolution
		HideSolutionNode = FALSE
	EndGlobalSection
	GlobalSection(ExtensibilityGlobals) = postSolution
		SolutionGuid = {33E36A8C-A277-4BD7-AB7E-3F5A211B8474}
	EndGlobalSection
	GlobalSection(Performance) = preSolution
		HasPerformanceSessions = true
	EndGlobalSection
EndGlobal
